
Microsoft Visual Studio Solution File, Format Version 12.00
# Visual Studio 15
VisualStudioVersion = 15.0.28010.0
MinimumVisualStudioVersion = 10.0.40219.1
Project("{FAE04EC0-301F-11D3-BF4B-00C04F79EFBC}") = "RazorPagesWithCRUD", "RazorPagesWithCRUD\RazorPagesWithCRUD.csproj", "{3FB5329D-689B-41E2-BC9E-2C3850014EBD}"
EndProject
Global
	GlobalSection(SolutionConfigurationPlatforms) = preSolution
		Debug|Any CPU = Debug|Any CPU
		Release|Any CPU = Release|Any CPU
	EndGlobalSection
	GlobalSection(ProjectConfigurationPlatforms) = postSolution
		{3FB5329D-689B-41E2-BC9E-2C3850014EBD}.Debug|Any CPU.ActiveCfg = Debug|Any CPU
		{3FB5329D-689B-41E2-BC9E-2C3850014EBD}.Debug|Any CPU.Build.0 = Debug|Any CPU
		{3FB5329D-689B-41E2-BC9E-2C3850014EBD}.Release|Any CPU.ActiveCfg = Release|Any CPU
		{3FB5329D-689B-41E2-BC9E-2C3850014EBD}.Release|Any CPU.Build.0 = Release|Any CPU
	EndGlobalSection
	GlobalSection(SolutionProperties) = preSolution
		HideSolutionNode = FALSE
	EndGlobalSection
	GlobalSection(ExtensibilityGlobals) = postSolution
		SolutionGuid = {2B118A74-68F8-4370-8859-F6ABC79BD802}
	EndGlobalSection
EndGlobal
